lockfileVersion: '9.0'

settings:
  autoInstallPeers: true
  excludeLinksFromLockfile: false

importers:

  .:
    dependencies:
      react-hook-form:
        specifier: ^7.76.0
        version: 7.76.0(react@19.2.6)

packages:

  react-hook-form@7.76.0:
    resolution: {integrity: sha512-eKtLGgFeSgkHqQD8J59AMZ9a4uD1D83iSIzt4YlTGD7liDen5rrjcUO1rVIGd9yC1gofryjtHbv+4ny4hkLWlw==}
    engines: {node: '>=18.0.0'}
    peerDependencies:
      react: ^16.8.0 || ^17 || ^18 || ^19

  react@19.2.6:
    resolution: {integrity: sha512-sfWGGfavi0xr8Pg0sVsyHMAOziVYKgPLNrS7ig+ivMNb3wbCBw3KxtflsGBAwD3gYQlE/AEZsTLgToRrSCjb0Q==}
    engines: {node: '>=0.10.0'}

snapshots:

  react-hook-form@7.76.0(react@19.2.6):
    dependencies:
      react: 19.2.6

  react@19.2.6: {}
